
Microsoft Visual Studio Solution File, Format Version 12.00
# Visual Studio 2013
VisualStudioVersion = 12.0.21005.1
MinimumVisualStudioVersion = 10.0.40219.1
Project("{FAE04EC0-301F-11D3-BF4B-00C04F79EFBC}") = "MonopolyKata.Tests", "MonopolyKata.Tests\MonopolyKata.Tests.csproj", "{DCC0B273-8FC2-446E-9CA1-59D89A07C503}"
EndProject
Project("{FAE04EC0-301F-11D3-BF4B-00C04F79EFBC}") = "MonopolyKata.Core", "MonopolyKata.Core\MonopolyKata.Core.csproj", "{8E83512B-3F1A-4ADA-AB4C-F3B0CD654E69}"
EndProject
Global
	GlobalSection(SolutionConfigurationPlatforms) = preSolution
		Debug|Any CPU = Debug|Any CPU
		Release|Any CPU = Release|Any CPU
	EndGlobalSection
	GlobalSection(ProjectConfigurationPlatforms) = postSolution
		{DCC0B273-8FC2-446E-9CA1-59D89A07C503}.Debug|Any CPU.ActiveCfg = Debug|Any CPU
		{DCC0B273-8FC2-446E-9CA1-59D89A07C503}.Debug|Any CPU.Build.0 = Debug|Any CPU
		{DCC0B273-8FC2-446E-9CA1-59D89A07C503}.Release|Any CPU.ActiveCfg = Release|Any CPU
		{DCC0B273-8FC2-446E-9CA1-59D89A07C503}.Release|Any CPU.Build.0 = Release|Any CPU
		{8E83512B-3F1A-4ADA-AB4C-F3B0CD654E69}.Debug|Any CPU.ActiveCfg = Debug|Any CPU
		{8E83512B-3F1A-4ADA-AB4C-F3B0CD654E69}.Debug|Any CPU.Build.0 = Debug|Any CPU
		{8E83512B-3F1A-4ADA-AB4C-F3B0CD654E69}.Release|Any CPU.ActiveCfg = Release|Any CPU
		{8E83512B-3F1A-4ADA-AB4C-F3B0CD654E69}.Release|Any CPU.Build.0 = Release|Any CPU
	EndGlobalSection
	GlobalSection(SolutionProperties) = preSolution
		HideSolutionNode = FALSE
	EndGlobalSection
EndGlobal
